
Microsoft Visual Studio Solution File, Format Version 12.00
# Visual Studio 15
VisualStudioVersion = 15.0.26403.3
MinimumVisualStudioVersion = 10.0.40219.1
Project("{FAE04EC0-301F-11D3-BF4B-00C04F79EFBC}") = "TrackMyWalks.Android", "TrackMyWalks\TrackMyWalks.Android\TrackMyWalks.Android.csproj", "{1171ABE3-C326-4CC6-BA6C-6B51DC324D2F}"
EndProject
Project("{FAE04EC0-301F-11D3-BF4B-00C04F79EFBC}") = "TrackMyWalks", "TrackMyWalks\TrackMyWalks\TrackMyWalks.csproj", "{81F9776A-28D4-4DA2-A4AD-49635E2EA3BB}"
EndProject
Project("{FAE04EC0-301F-11D3-BF4B-00C04F79EFBC}") = "TrackMyWalks.UWP", "TrackMyWalks\TrackMyWalks.UWP\TrackMyWalks.UWP.csproj", "{F9F036E7-9A2B-4C27-B6D7-13F21EE54F70}"
EndProject
Project("{FAE04EC0-301F-11D3-BF4B-00C04F79EFBC}") = "TrackMyWalks.iOS", "TrackMyWalks\TrackMyWalks.iOS\TrackMyWalks.iOS.csproj", "{0732A028-FEC0-4767-B836-0DF11A88090E}"
EndProject
Global
	GlobalSection(SolutionConfigurationPlatforms) = preSolution
		Ad-Hoc|Any CPU = Ad-Hoc|Any CPU
		Ad-Hoc|ARM = Ad-Hoc|ARM
		Ad-Hoc|iPhone = Ad-Hoc|iPhone
		Ad-Hoc|iPhoneSimulator = Ad-Hoc|iPhoneSimulator
		Ad-Hoc|x64 = Ad-Hoc|x64
		Ad-Hoc|x86 = Ad-Hoc|x86
		AppStore|Any CPU = AppStore|Any CPU
		AppStore|ARM = AppStore|ARM
		AppStore|iPhone = AppStore|iPhone
		AppStore|iPhoneSimulator = AppStore|iPhoneSimulator
		AppStore|x64 = AppStore|x64
		AppStore|x86 = AppStore|x86
		Debug|Any CPU = Debug|Any CPU
		Debug|ARM = Debug|ARM
		Debug|iPhone = Debug|iPhone
		Debug|iPhoneSimulator = Debug|iPhoneSimulator
		Debug|x64 = Debug|x64
		Debug|x86 = Debug|x86
		Release|Any CPU = Release|Any CPU
		Release|ARM = Release|ARM
		Release|iPhone = Release|iPhone
		Release|iPhoneSimulator = Release|iPhoneSimulator
		Release|x64 = Release|x64
		Release|x86 = Release|x86
	EndGlobalSection
	GlobalSection(ProjectConfigurationPlatforms) = postSolution
		{1171ABE3-C326-4CC6-BA6C-6B51DC324D2F}.Ad-Hoc|Any CPU.ActiveCfg = Release|Any CPU
		{1171ABE3-C326-4CC6-BA6C-6B51DC324D2F}.Ad-Hoc|Any CPU.Build.0 = Release|Any CPU
		{1171ABE3-C326-4CC6-BA6C-6B51DC324D2F}.Ad-Hoc|Any CPU.Deploy.0 = Release|Any CPU
		{1171ABE3-C326-4CC6-BA6C-6B51DC324D2F}.Ad-Hoc|ARM.ActiveCfg = Release|Any CPU
		{1171ABE3-C326-4CC6-BA6C-6B51DC324D2F}.Ad-Hoc|ARM.Build.0 = Release|Any CPU
		{1171ABE3-C326-4CC6-BA6C-6B51DC324D2F}.Ad-Hoc|ARM.Deploy.0 = Release|Any CPU
		{1171ABE3-C326-4CC6-BA6C-6B51DC324D2F}.Ad-Hoc|iPhone.ActiveCfg = Release|Any CPU
		{1171ABE3-C326-4CC6-BA6C-6B51DC324D2F}.Ad-Hoc|iPhone.Build.0 = Release|Any CPU
		{1171ABE3-C326-4CC6-BA6C-6B51DC324D2F}.Ad-Hoc|iPhone.Deploy.0 = Release|Any CPU
		{1171ABE3-C326-4CC6-BA6C-6B51DC324D2F}.Ad-Hoc|iPhoneSimulator.ActiveCfg = Release|Any CPU
		{1171ABE3-C326-4CC6-BA6C-6B51DC324D2F}.Ad-Hoc|iPhoneSimulator.Build.0 = Release|Any CPU
		{1171ABE3-C326-4CC6-BA6C-6B51DC324D2F}.Ad-Hoc|iPhoneSimulator.Deploy.0 = Release|Any CPU
		{1171ABE3-C326-4CC6-BA6C-6B51DC324D2F}.Ad-Hoc|x64.ActiveCfg = Release|Any CPU
		{1171ABE3-C326-4CC6-BA6C-6B51DC324D2F}.Ad-Hoc|x64.Build.0 = Release|Any CPU
		{1171ABE3-C326-4CC6-BA6C-6B51DC324D2F}.Ad-Hoc|x64.Deploy.0 = Release|Any CPU
		{1171ABE3-C326-4CC6-BA6C-6B51DC324D2F}.Ad-Hoc|x86.ActiveCfg = Release|Any CPU
		{1171ABE3-C326-4CC6-BA6C-6B51DC324D2F}.Ad-Hoc|x86.Build.0 = Release|Any CPU
		{1171ABE3-C326-4CC6-BA6C-6B51DC324D2F}.Ad-Hoc|x86.Deploy.0 = Release|Any CPU
		{1171ABE3-C326-4CC6-BA6C-6B51DC324D2F}.AppStore|Any CPU.ActiveCfg = Release|Any CPU
		{1171ABE3-C326-4CC6-BA6C-6B51DC324D2F}.AppStore|Any CPU.Build.0 = Release|Any CPU
		{1171ABE3-C326-4CC6-BA6C-6B51DC324D2F}.AppStore|Any CPU.Deploy.0 = Release|Any CPU
		{1171ABE3-C326-4CC6-BA6C-6B51DC324D2F}.AppStore|ARM.ActiveCfg = Release|Any CPU
		{1171ABE3-C326-4CC6-BA6C-6B51DC324D2F}.AppStore|ARM.Build.0 = Release|Any CPU
		{1171ABE3-C326-4CC6-BA6C-6B51DC324D2F}.AppStore|ARM.Deploy.0 = Release|Any CPU
		{1171ABE3-C326-4CC6-BA6C-6B51DC324D2F}.AppStore|iPhone.ActiveCfg = Release|Any CPU
		{1171ABE3-C326-4CC6-BA6C-6B51DC324D2F}.AppStore|iPhone.Build.0 = Release|Any CPU
		{1171ABE3-C326-4CC6-BA6C-6B51DC324D2F}.AppStore|iPhone.Deploy.0 = Release|Any CPU
		{1171ABE3-C326-4CC6-BA6C-6B51DC324D2F}.AppStore|iPhoneSimulator.ActiveCfg = Release|Any CPU
		{1171ABE3-C326-4CC6-BA6C-6B51DC324D2F}.AppStore|iPhoneSimulator.Build.0 = Release|Any CPU
		{1171ABE3-C326-4CC6-BA6C-6B51DC324D2F}.AppStore|iPhoneSimulator.Deploy.0 = Release|Any CPU
		{1171ABE3-C326-4CC6-BA6C-6B51DC324D2F}.AppStore|x64.ActiveCfg = Release|Any CPU
		{1171ABE3-C326-4CC6-BA6C-6B51DC324D2F}.AppStore|x64.Build.0 = Release|Any CPU
		{1171ABE3-C326-4CC6-BA6C-6B51DC324D2F}.AppStore|x64.Deploy.0 = Release|Any CPU
		{1171ABE3-C326-4CC6-BA6C-6B51DC324D2F}.AppStore|x86.ActiveCfg = Release|Any CPU
		{1171ABE3-C326-4CC6-BA6C-6B51DC324D2F}.AppStore|x86.Build.0 = Release|Any CPU
		{1171ABE3-C326-4CC6-BA6C-6B51DC324D2F}.AppStore|x86.Deploy.0 = Release|Any CPU
		{1171ABE3-C326-4CC6-BA6C-6B51DC324D2F}.Debug|Any CPU.ActiveCfg = Debug|Any CPU
		{1171ABE3-C326-4CC6-BA6C-6B51DC324D2F}.Debug|Any CPU.Build.0 = Debug|Any CPU
		{1171ABE3-C326-4CC6-BA6C-6B51DC324D2F}.Debug|Any CPU.Deploy.0 = Debug|Any CPU
		{1171ABE3-C326-4CC6-BA6C-6B51DC324D2F}.Debug|ARM.ActiveCfg = Debug|Any CPU
		{1171ABE3-C326-4CC6-BA6C-6B51DC324D2F}.Debug|ARM.Build.0 = Debug|Any CPU
		{1171ABE3-C326-4CC6-BA6C-6B51DC324D2F}.Debug|ARM.Deploy.0 = Debug|Any CPU
		{1171ABE3-C326-4CC6-BA6C-6B51DC324D2F}.Debug|iPhone.ActiveCfg = Debug|Any CPU
		{1171ABE3-C326-4CC6-BA6C-6B51DC324D2F}.Debug|iPhone.Build.0 = Debug|Any CPU
		{1171ABE3-C326-4CC6-BA6C-6B51DC324D2F}.Debug|iPhone.Deploy.0 = Debug|Any CPU
		{1171ABE3-C326-4CC6-BA6C-6B51DC324D2F}.Debug|iPhoneSimulator.ActiveCfg = Debug|Any CPU
		{1171ABE3-C326-4CC6-BA6C-6B51DC324D2F}.Debug|iPhoneSimulator.Build.0 = Debug|Any CPU
		{1171ABE3-C326-4CC6-BA6C-6B51DC324D2F}.Debug|iPhoneSimulator.Deploy.0 = Debug|Any CPU
		{1171ABE3-C326-4CC6-BA6C-6B51DC324D2F}.Debug|x64.ActiveCfg = Debug|Any CPU
		{1171ABE3-C326-4CC6-BA6C-6B51DC324D2F}.Debug|x64.Build.0 = Debug|Any CPU
		{1171ABE3-C326-4CC6-BA6C-6B51DC324D2F}.Debug|x64.Deploy.0 = Debug|Any CPU
		{1171ABE3-C326-4CC6-BA6C-6B51DC324D2F}.Debug|x86.ActiveCfg = Debug|Any CPU
		{1171ABE3-C326-4CC6-BA6C-6B51DC324D2F}.Debug|x86.Build.0 = Debug|Any CPU
		{1171ABE3-C326-4CC6-BA6C-6B51DC324D2F}.Debug|x86.Deploy.0 = Debug|Any CPU
		{1171ABE3-C326-4CC6-BA6C-6B51DC324D2F}.Release|Any CPU.ActiveCfg = Release|Any CPU
		{1171ABE3-C326-4CC6-BA6C-6B51DC324D2F}.Release|Any CPU.Build.0 = Release|Any CPU
		{1171ABE3-C326-4CC6-BA6C-6B51DC324D2F}.Release|Any CPU.Deploy.0 = Release|Any CPU
		{1171ABE3-C326-4CC6-BA6C-6B51DC324D2F}.Release|ARM.ActiveCfg = Release|Any CPU
		{1171ABE3-C326-4CC6-BA6C-6B51DC324D2F}.Release|ARM.Build.0 = Release|Any CPU
		{1171ABE3-C326-4CC6-BA6C-6B51DC324D2F}.Release|ARM.Deploy.0 = Release|Any CPU
		{1171ABE3-C326-4CC6-BA6C-6B51DC324D2F}.Release|iPhone.ActiveCfg = Release|Any CPU
		{1171ABE3-C326-4CC6-BA6C-6B51DC324D2F}.Release|iPhone.Build.0 = Release|Any CPU
		{1171ABE3-C326-4CC6-BA6C-6B51DC324D2F}.Release|iPhone.Deploy.0 = Release|Any CPU
		{1171ABE3-C326-4CC6-BA6C-6B51DC324D2F}.Release|iPhoneSimulator.ActiveCfg = Release|Any CPU
		{1171ABE3-C326-4CC6-BA6C-6B51DC324D2F}.Release|iPhoneSimulator.Build.0 = Release|Any CPU
		{1171ABE3-C326-4CC6-BA6C-6B51DC324D2F}.Release|iPhoneSimulator.Deploy.0 = Release|Any CPU
		{1171ABE3-C326-4CC6-BA6C-6B51DC324D2F}.Release|x64.ActiveCfg = Release|Any CPU
		{1171ABE3-C326-4CC6-BA6C-6B51DC324D2F}.Release|x64.Build.0 = Release|Any CPU
		{1171ABE3-C326-4CC6-BA6C-6B51DC324D2F}.Release|x64.Deploy.0 = Release|Any CPU
		{1171ABE3-C326-4CC6-BA6C-6B51DC324D2F}.Release|x86.ActiveCfg = Release|Any CPU
		{1171ABE3-C326-4CC6-BA6C-6B51DC324D2F}.Release|x86.Build.0 = Release|Any CPU
		{1171ABE3-C326-4CC6-BA6C-6B51DC324D2F}.Release|x86.Deploy.0 = Release|Any CPU
		{81F9776A-28D4-4DA2-A4AD-49635E2EA3BB}.Ad-Hoc|Any CPU.ActiveCfg = Release|Any CPU
		{81F9776A-28D4-4DA2-A4AD-49635E2EA3BB}.Ad-Hoc|Any CPU.Build.0 = Release|Any CPU
		{81F9776A-28D4-4DA2-A4AD-49635E2EA3BB}.Ad-Hoc|ARM.ActiveCfg = Release|Any CPU
		{81F9776A-28D4-4DA2-A4AD-49635E2EA3BB}.Ad-Hoc|ARM.Build.0 = Release|Any CPU
		{81F9776A-28D4-4DA2-A4AD-49635E2EA3BB}.Ad-Hoc|iPhone.ActiveCfg = Release|Any CPU
		{81F9776A-28D4-4DA2-A4AD-49635E2EA3BB}.Ad-Hoc|iPhone.Build.0 = Release|Any CPU
		{81F9776A-28D4-4DA2-A4AD-49635E2EA3BB}.Ad-Hoc|iPhoneSimulator.ActiveCfg = Release|Any CPU
		{81F9776A-28D4-4DA2-A4AD-49635E2EA3BB}.Ad-Hoc|iPhoneSimulator.Build.0 = Release|Any CPU
		{81F9776A-28D4-4DA2-A4AD-49635E2EA3BB}.Ad-Hoc|x64.ActiveCfg = Release|Any CPU
		{81F9776A-28D4-4DA2-A4AD-49635E2EA3BB}.Ad-Hoc|x64.Build.0 = Release|Any CPU
		{81F9776A-28D4-4DA2-A4AD-49635E2EA3BB}.Ad-Hoc|x86.ActiveCfg = Release|Any CPU
		{81F9776A-28D4-4DA2-A4AD-49635E2EA3BB}.Ad-Hoc|x86.Build.0 = Release|Any CPU
		{81F9776A-28D4-4DA2-A4AD-49635E2EA3BB}.AppStore|Any CPU.ActiveCfg = Release|Any CPU
		{81F9776A-28D4-4DA2-A4AD-49635E2EA3BB}.AppStore|Any CPU.Build.0 = Release|Any CPU
		{81F9776A-28D4-4DA2-A4AD-49635E2EA3BB}.AppStore|ARM.ActiveCfg = Release|Any CPU
		{81F9776A-28D4-4DA2-A4AD-49635E2EA3BB}.AppStore|ARM.Build.0 = Release|Any CPU
		{81F9776A-28D4-4DA2-A4AD-49635E2EA3BB}.AppStore|iPhone.ActiveCfg = Release|Any CPU
		{81F9776A-28D4-4DA2-A4AD-49635E2EA3BB}.AppStore|iPhone.Build.0 = Release|Any CPU
		{81F9776A-28D4-4DA2-A4AD-49635E2EA3BB}.AppStore|iPhoneSimulator.ActiveCfg = Release|Any CPU
		{81F9776A-28D4-4DA2-A4AD-49635E2EA3BB}.AppStore|iPhoneSimulator.Build.0 = Release|Any CPU
		{81F9776A-28D4-4DA2-A4AD-49635E2EA3BB}.AppStore|x64.ActiveCfg = Release|Any CPU
		{81F9776A-28D4-4DA2-A4AD-49635E2EA3BB}.AppStore|x64.Build.0 = Release|Any CPU
		{81F9776A-28D4-4DA2-A4AD-49635E2EA3BB}.AppStore|x86.ActiveCfg = Release|Any CPU
		{81F9776A-28D4-4DA2-A4AD-49635E2EA3BB}.AppStore|x86.Build.0 = Release|Any CPU
		{81F9776A-28D4-4DA2-A4AD-49635E2EA3BB}.Debug|Any CPU.ActiveCfg = Debug|Any CPU
		{81F9776A-28D4-4DA2-A4AD-49635E2EA3BB}.Debug|Any CPU.Build.0 = Debug|Any CPU
		{81F9776A-28D4-4DA2-A4AD-49635E2EA3BB}.Debug|ARM.ActiveCfg = Debug|Any CPU
		{81F9776A-28D4-4DA2-A4AD-49635E2EA3BB}.Debug|ARM.Build.0 = Debug|Any CPU
		{81F9776A-28D4-4DA2-A4AD-49635E2EA3BB}.Debug|iPhone.ActiveCfg = Debug|Any CPU
		{81F9776A-28D4-4DA2-A4AD-49635E2EA3BB}.Debug|iPhone.Build.0 = Debug|Any CPU
		{81F9776A-28D4-4DA2-A4AD-49635E2EA3BB}.Debug|iPhoneSimulator.ActiveCfg = Debug|Any CPU
		{81F9776A-28D4-4DA2-A4AD-49635E2EA3BB}.Debug|iPhoneSimulator.Build.0 = Debug|Any CPU
		{81F9776A-28D4-4DA2-A4AD-49635E2EA3BB}.Debug|x64.ActiveCfg = Debug|Any CPU
		{81F9776A-28D4-4DA2-A4AD-49635E2EA3BB}.Debug|x64.Build.0 = Debug|Any CPU
		{81F9776A-28D4-4DA2-A4AD-49635E2EA3BB}.Debug|x86.ActiveCfg = Debug|Any CPU
		{81F9776A-28D4-4DA2-A4AD-49635E2EA3BB}.Debug|x86.Build.0 = Debug|Any CPU
		{81F9776A-28D4-4DA2-A4AD-49635E2EA3BB}.Release|Any CPU.ActiveCfg = Release|Any CPU
		{81F9776A-28D4-4DA2-A4AD-49635E2EA3BB}.Release|Any CPU.Build.0 = Release|Any CPU
		{81F9776A-28D4-4DA2-A4AD-49635E2EA3BB}.Release|ARM.ActiveCfg = Release|Any CPU
		{81F9776A-28D4-4DA2-A4AD-49635E2EA3BB}.Release|ARM.Build.0 = Release|Any CPU
		{81F9776A-28D4-4DA2-A4AD-49635E2EA3BB}.Release|iPhone.ActiveCfg = Release|Any CPU
		{81F9776A-28D4-4DA2-A4AD-49635E2EA3BB}.Release|iPhone.Build.0 = Release|Any CPU
		{81F9776A-28D4-4DA2-A4AD-49635E2EA3BB}.Release|iPhoneSimulator.ActiveCfg = Release|Any CPU
		{81F9776A-28D4-4DA2-A4AD-49635E2EA3BB}.Release|iPhoneSimulator.Build.0 = Release|Any CPU
		{81F9776A-28D4-4DA2-A4AD-49635E2EA3BB}.Release|x64.ActiveCfg = Release|Any CPU
		{81F9776A-28D4-4DA2-A4AD-49635E2EA3BB}.Release|x64.Build.0 = Release|Any CPU
		{81F9776A-28D4-4DA2-A4AD-49635E2EA3BB}.Release|x86.ActiveCfg = Release|Any CPU
		{81F9776A-28D4-4DA2-A4AD-49635E2EA3BB}.Release|x86.Build.0 = Release|Any CPU
		{F9F036E7-9A2B-4C27-B6D7-13F21EE54F70}.Ad-Hoc|Any CPU.ActiveCfg = Release|x86
		{F9F036E7-9A2B-4C27-B6D7-13F21EE54F70}.Ad-Hoc|Any CPU.Build.0 = Release|x86
		{F9F036E7-9A2B-4C27-B6D7-13F21EE54F70}.Ad-Hoc|Any CPU.Deploy.0 = Release|x86
		{F9F036E7-9A2B-4C27-B6D7-13F21EE54F70}.Ad-Hoc|ARM.ActiveCfg = Release|ARM
		{F9F036E7-9A2B-4C27-B6D7-13F21EE54F70}.Ad-Hoc|ARM.Build.0 = Release|ARM
		{F9F036E7-9A2B-4C27-B6D7-13F21EE54F70}.Ad-Hoc|ARM.Deploy.0 = Release|ARM
		{F9F036E7-9A2B-4C27-B6D7-13F21EE54F70}.Ad-Hoc|iPhone.ActiveCfg = Release|x86
		{F9F036E7-9A2B-4C27-B6D7-13F21EE54F70}.Ad-Hoc|iPhone.Build.0 = Release|x86
		{F9F036E7-9A2B-4C27-B6D7-13F21EE54F70}.Ad-Hoc|iPhone.Deploy.0 = Release|x86
		{F9F036E7-9A2B-4C27-B6D7-13F21EE54F70}.Ad-Hoc|iPhoneSimulator.ActiveCfg = Release|x86
		{F9F036E7-9A2B-4C27-B6D7-13F21EE54F70}.Ad-Hoc|iPhoneSimulator.Build.0 = Release|x86
		{F9F036E7-9A2B-4C27-B6D7-13F21EE54F70}.Ad-Hoc|iPhoneSimulator.Deploy.0 = Release|x86
		{F9F036E7-9A2B-4C27-B6D7-13F21EE54F70}.Ad-Hoc|x64.ActiveCfg = Release|x64
		{F9F036E7-9A2B-4C27-B6D7-13F21EE54F70}.Ad-Hoc|x64.Build.0 = Release|x64
		{F9F036E7-9A2B-4C27-B6D7-13F21EE54F70}.Ad-Hoc|x64.Deploy.0 = Release|x64
		{F9F036E7-9A2B-4C27-B6D7-13F21EE54F70}.Ad-Hoc|x86.ActiveCfg = Release|x86
		{F9F036E7-9A2B-4C27-B6D7-13F21EE54F70}.Ad-Hoc|x86.Build.0 = Release|x86
		{F9F036E7-9A2B-4C27-B6D7-13F21EE54F70}.Ad-Hoc|x86.Deploy.0 = Release|x86
		{F9F036E7-9A2B-4C27-B6D7-13F21EE54F70}.AppStore|Any CPU.ActiveCfg = Release|x86
		{F9F036E7-9A2B-4C27-B6D7-13F21EE54F70}.AppStore|Any CPU.Build.0 = Release|x86
		{F9F036E7-9A2B-4C27-B6D7-13F21EE54F70}.AppStore|Any CPU.Deploy.0 = Release|x86
		{F9F036E7-9A2B-4C27-B6D7-13F21EE54F70}.AppStore|ARM.ActiveCfg = Release|ARM
		{F9F036E7-9A2B-4C27-B6D7-13F21EE54F70}.AppStore|ARM.Build.0 = Release|ARM
		{F9F036E7-9A2B-4C27-B6D7-13F21EE54F70}.AppStore|ARM.Deploy.0 = Release|ARM
		{F9F036E7-9A2B-4C27-B6D7-13F21EE54F70}.AppStore|iPhone.ActiveCfg = Release|x86
		{F9F036E7-9A2B-4C27-B6D7-13F21EE54F70}.AppStore|iPhone.Build.0 = Release|x86
		{F9F036E7-9A2B-4C27-B6D7-13F21EE54F70}.AppStore|iPhone.Deploy.0 = Release|x86
		{F9F036E7-9A2B-4C27-B6D7-13F21EE54F70}.AppStore|iPhoneSimulator.ActiveCfg = Release|x86
		{F9F036E7-9A2B-4C27-B6D7-13F21EE54F70}.AppStore|iPhoneSimulator.Build.0 = Release|x86
		{F9F036E7-9A2B-4C27-B6D7-13F21EE54F70}.AppStore|iPhoneSimulator.Deploy.0 = Release|x86
		{F9F036E7-9A2B-4C27-B6D7-13F21EE54F70}.AppStore|x64.ActiveCfg = Release|x64
		{F9F036E7-9A2B-4C27-B6D7-13F21EE54F70}.AppStore|x64.Build.0 = Release|x64
		{F9F036E7-9A2B-4C27-B6D7-13F21EE54F70}.AppStore|x64.Deploy.0 = Release|x64
		{F9F036E7-9A2B-4C27-B6D7-13F21EE54F70}.AppStore|x86.ActiveCfg = Release|x86
		{F9F036E7-9A2B-4C27-B6D7-13F21EE54F70}.AppStore|x86.Build.0 = Release|x86
		{F9F036E7-9A2B-4C27-B6D7-13F21EE54F70}.AppStore|x86.Deploy.0 = Release|x86
		{F9F036E7-9A2B-4C27-B6D7-13F21EE54F70}.Debug|Any CPU.ActiveCfg = Debug|x86
		{F9F036E7-9A2B-4C27-B6D7-13F21EE54F70}.Debug|ARM.ActiveCfg = Debug|ARM
		{F9F036E7-9A2B-4C27-B6D7-13F21EE54F70}.Debug|ARM.Build.0 = Debug|ARM
		{F9F036E7-9A2B-4C27-B6D7-13F21EE54F70}.Debug|ARM.Deploy.0 = Debug|ARM
		{F9F036E7-9A2B-4C27-B6D7-13F21EE54F70}.Debug|iPhone.ActiveCfg = Debug|x86
		{F9F036E7-9A2B-4C27-B6D7-13F21EE54F70}.Debug|iPhoneSimulator.ActiveCfg = Debug|x86
		{F9F036E7-9A2B-4C27-B6D7-13F21EE54F70}.Debug|x64.ActiveCfg = Debug|x64
		{F9F036E7-9A2B-4C27-B6D7-13F21EE54F70}.Debug|x64.Build.0 = Debug|x64
		{F9F036E7-9A2B-4C27-B6D7-13F21EE54F70}.Debug|x64.Deploy.0 = Debug|x64
		{F9F036E7-9A2B-4C27-B6D7-13F21EE54F70}.Debug|x86.ActiveCfg = Debug|x86
		{F9F036E7-9A2B-4C27-B6D7-13F21EE54F70}.Debug|x86.Build.0 = Debug|x86
		{F9F036E7-9A2B-4C27-B6D7-13F21EE54F70}.Debug|x86.Deploy.0 = Debug|x86
		{F9F036E7-9A2B-4C27-B6D7-13F21EE54F70}.Release|Any CPU.ActiveCfg = Release|x86
		{F9F036E7-9A2B-4C27-B6D7-13F21EE54F70}.Release|ARM.ActiveCfg = Release|ARM
		{F9F036E7-9A2B-4C27-B6D7-13F21EE54F70}.Release|ARM.Build.0 = Release|ARM
		{F9F036E7-9A2B-4C27-B6D7-13F21EE54F70}.Release|ARM.Deploy.0 = Release|ARM
		{F9F036E7-9A2B-4C27-B6D7-13F21EE54F70}.Release|iPhone.ActiveCfg = Release|x86
		{F9F036E7-9A2B-4C27-B6D7-13F21EE54F70}.Release|iPhoneSimulator.ActiveCfg = Release|x86
		{F9F036E7-9A2B-4C27-B6D7-13F21EE54F70}.Release|x64.ActiveCfg = Release|x64
		{F9F036E7-9A2B-4C27-B6D7-13F21EE54F70}.Release|x64.Build.0 = Release|x64
		{F9F036E7-9A2B-4C27-B6D7-13F21EE54F70}.Release|x64.Deploy.0 = Release|x64
		{F9F036E7-9A2B-4C27-B6D7-13F21EE54F70}.Release|x86.ActiveCfg = Release|x86
		{F9F036E7-9A2B-4C27-B6D7-13F21EE54F70}.Release|x86.Build.0 = Release|x86
		{F9F036E7-9A2B-4C27-B6D7-13F21EE54F70}.Release|x86.Deploy.0 = Release|x86
		{0732A028-FEC0-4767-B836-0DF11A88090E}.Ad-Hoc|Any CPU.ActiveCfg = Ad-Hoc|iPhone
		{0732A028-FEC0-4767-B836-0DF11A88090E}.Ad-Hoc|ARM.ActiveCfg = Ad-Hoc|iPhone
		{0732A028-FEC0-4767-B836-0DF11A88090E}.Ad-Hoc|iPhone.ActiveCfg = Ad-Hoc|iPhone
		{0732A028-FEC0-4767-B836-0DF11A88090E}.Ad-Hoc|iPhone.Build.0 = Ad-Hoc|iPhone
		{0732A028-FEC0-4767-B836-0DF11A88090E}.Ad-Hoc|iPhoneSimulator.ActiveCfg = Ad-Hoc|iPhoneSimulator
		{0732A028-FEC0-4767-B836-0DF11A88090E}.Ad-Hoc|iPhoneSimulator.Build.0 = Ad-Hoc|iPhoneSimulator
		{0732A028-FEC0-4767-B836-0DF11A88090E}.Ad-Hoc|x64.ActiveCfg = Ad-Hoc|iPhone
		{0732A028-FEC0-4767-B836-0DF11A88090E}.Ad-Hoc|x86.ActiveCfg = Ad-Hoc|iPhone
		{0732A028-FEC0-4767-B836-0DF11A88090E}.AppStore|Any CPU.ActiveCfg = AppStore|iPhone
		{0732A028-FEC0-4767-B836-0DF11A88090E}.AppStore|ARM.ActiveCfg = AppStore|iPhone
		{0732A028-FEC0-4767-B836-0DF11A88090E}.AppStore|iPhone.ActiveCfg = AppStore|iPhone
		{0732A028-FEC0-4767-B836-0DF11A88090E}.AppStore|iPhone.Build.0 = AppStore|iPhone
		{0732A028-FEC0-4767-B836-0DF11A88090E}.AppStore|iPhoneSimulator.ActiveCfg = AppStore|iPhoneSimulator
		{0732A028-FEC0-4767-B836-0DF11A88090E}.AppStore|iPhoneSimulator.Build.0 = AppStore|iPhoneSimulator
		{0732A028-FEC0-4767-B836-0DF11A88090E}.AppStore|x64.ActiveCfg = AppStore|iPhone
		{0732A028-FEC0-4767-B836-0DF11A88090E}.AppStore|x86.ActiveCfg = AppStore|iPhone
		{0732A028-FEC0-4767-B836-0DF11A88090E}.Debug|Any CPU.ActiveCfg = Debug|iPhone
		{0732A028-FEC0-4767-B836-0DF11A88090E}.Debug|ARM.ActiveCfg = Debug|iPhone
		{0732A028-FEC0-4767-B836-0DF11A88090E}.Debug|iPhone.ActiveCfg = Debug|iPhone
		{0732A028-FEC0-4767-B836-0DF11A88090E}.Debug|iPhone.Build.0 = Debug|iPhone
		{0732A028-FEC0-4767-B836-0DF11A88090E}.Debug|iPhoneSimulator.ActiveCfg = Debug|iPhoneSimulator
		{0732A028-FEC0-4767-B836-0DF11A88090E}.Debug|iPhoneSimulator.Build.0 = Debug|iPhoneSimulator
		{0732A028-FEC0-4767-B836-0DF11A88090E}.Debug|x64.ActiveCfg = Debug|iPhone
		{0732A028-FEC0-4767-B836-0DF11A88090E}.Debug|x86.ActiveCfg = Debug|iPhone
		{0732A028-FEC0-4767-B836-0DF11A88090E}.Release|Any CPU.ActiveCfg = Release|iPhone
		{0732A028-FEC0-4767-B836-0DF11A88090E}.Release|ARM.ActiveCfg = Release|iPhone
		{0732A028-FEC0-4767-B836-0DF11A88090E}.Release|iPhone.ActiveCfg = Release|iPhone
		{0732A028-FEC0-4767-B836-0DF11A88090E}.Release|iPhone.Build.0 = Release|iPhone
		{0732A028-FEC0-4767-B836-0DF11A88090E}.Release|iPhoneSimulator.ActiveCfg = Release|iPhoneSimulator
		{0732A028-FEC0-4767-B836-0DF11A88090E}.Release|iPhoneSimulator.Build.0 = Release|iPhoneSimulator
		{0732A028-FEC0-4767-B836-0DF11A88090E}.Release|x64.ActiveCfg = Release|iPhone
		{0732A028-FEC0-4767-B836-0DF11A88090E}.Release|x86.ActiveCfg = Release|iPhone
	EndGlobalSection
	GlobalSection(SolutionProperties) = preSolution
		HideSolutionNode = FALSE
	EndGlobalSection
EndGlobal
